
Microsoft Visual Studio Solution File, Format Version 12.00
# Visual Studio Version 16
VisualStudioVersion = 16.0.29613.14
MinimumVisualStudioVersion = 10.0.40219.1
Project("{FAE04EC0-301F-11D3-BF4B-00C04F79EFBC}") = "LabCSharp", "LabCSharp.csproj", "{BDBF6328-FFF2-4F57-A768-2E4D4022E386}"
EndProject
Global
	GlobalSection(SolutionConfigurationPlatforms) = preSolution
		Debug|Any CPU = Debug|Any CPU
		Release|Any CPU = Release|Any CPU
	EndGlobalSection
	GlobalSection(ProjectConfigurationPlatforms) = postSolution
		{BDBF6328-FFF2-4F57-A768-2E4D4022E386}.Debug|Any CPU.ActiveCfg = Debug|Any CPU
		{BDBF6328-FFF2-4F57-A768-2E4D4022E386}.Debug|Any CPU.Build.0 = Debug|Any CPU
		{BDBF6328-FFF2-4F57-A768-2E4D4022E386}.Release|Any CPU.ActiveCfg = Release|Any CPU
		{BDBF6328-FFF2-4F57-A768-2E4D4022E386}.Release|Any CPU.Build.0 = Release|Any CPU
	EndGlobalSection
	GlobalSection(SolutionProperties) = preSolution
		HideSolutionNode = FALSE
	EndGlobalSection
	GlobalSection(ExtensibilityGlobals) = postSolution
		SolutionGuid = {EF4ED491-0A2F-4661-8E6B-58CD73149B65}
	EndGlobalSection
EndGlobal
